
Microsoft Visual Studio Solution File, Format Version 12.00
# Visual Studio Version 17
VisualStudioVersion = 17.5.002.0
MinimumVisualStudioVersion = 10.0.40219.1
Project("{9A19103F-16F7-4668-BE54-9A1E7A4F7556}") = "RandomNamePicker", "RandomNamePicker.csproj", "{4301B279-EE83-448D-B57E-5676F331C022}"
EndProject
Global
	GlobalSection(SolutionConfigurationPlatforms) = preSolution
		Debug|Any CPU = Debug|Any CPU
		Release|Any CPU = Release|Any CPU
	EndGlobalSection
	GlobalSection(ProjectConfigurationPlatforms) = postSolution
		{4301B279-EE83-448D-B57E-5676F331C022}.Debug|Any CPU.ActiveCfg = Debug|Any CPU
		{4301B279-EE83-448D-B57E-5676F331C022}.Debug|Any CPU.Build.0 = Debug|Any CPU
		{4301B279-EE83-448D-B57E-5676F331C022}.Release|Any CPU.ActiveCfg = Release|Any CPU
		{4301B279-EE83-448D-B57E-5676F331C022}.Release|Any CPU.Build.0 = Release|Any CPU
	EndGlobalSection
	GlobalSection(SolutionProperties) = preSolution
		HideSolutionNode = FALSE
	EndGlobalSection
	GlobalSection(ExtensibilityGlobals) = postSolution
		SolutionGuid = {197C5930-46AC-423D-8D0C-AAF0E83B4339}
	EndGlobalSection
EndGlobal
